
Microsoft Visual Studio Solution File, Format Version 12.00
# Visual Studio Version 16
VisualStudioVersion = 16.0.810.20
MinimumVisualStudioVersion = 10.0.40219.1
Project("{FAE04EC0-301F-11D3-BF4B-00C04F79EFBC}") = "ProjetoWeb", "ProjetoWeb\ProjetoWeb.csproj", "{C08692D5-5F5F-4692-BDF5-727B524BF069}"
EndProject
Global
	GlobalSection(SolutionConfigurationPlatforms) = preSolution
		Debug|Any CPU = Debug|Any CPU
		Release|Any CPU = Release|Any CPU
	EndGlobalSection
	GlobalSection(ProjectConfigurationPlatforms) = postSolution
		{C08692D5-5F5F-4692-BDF5-727B524BF069}.Debug|Any CPU.ActiveCfg = Debug|Any CPU
		{C08692D5-5F5F-4692-BDF5-727B524BF069}.Debug|Any CPU.Build.0 = Debug|Any CPU
		{C08692D5-5F5F-4692-BDF5-727B524BF069}.Release|Any CPU.ActiveCfg = Release|Any CPU
		{C08692D5-5F5F-4692-BDF5-727B524BF069}.Release|Any CPU.Build.0 = Release|Any CPU
	EndGlobalSection
	GlobalSection(SolutionProperties) = preSolution
		HideSolutionNode = FALSE
	EndGlobalSection
	GlobalSection(ExtensibilityGlobals) = postSolution
		SolutionGuid = {12244F73-22F3-4465-86FD-2784DB9E5F75}
	EndGlobalSection
EndGlobal
